
Microsoft Visual Studio Solution File, Format Version 12.00
# Visual Studio 15
VisualStudioVersion = 15.0.27703.2047
MinimumVisualStudioVersion = 10.0.40219.1
Project("{9A19103F-16F7-4668-BE54-9A1E7A4F7556}") = "QLSL2018", "QLSL2018\QLSL2018.csproj", "{8C81CFBC-32FC-4D57-9EF2-7310575508F3}"
EndProject
Project("{2150E333-8FDC-42A3-9474-1A3956D46DE8}") = "1 - Presentation", "1 - Presentation", "{185D558B-8B9C-43F0-8956-B37500F45BB8}"
EndProject
Project("{2150E333-8FDC-42A3-9474-1A3956D46DE8}") = "2 - Application", "2 - Application", "{292362AE-BEE2-4BFE-AB64-CDD624AA7E4A}"
EndProject
Project("{2150E333-8FDC-42A3-9474-1A3956D46DE8}") = "3 - Domain", "3 - Domain", "{0B0E993A-0E90-45BD-9DD1-89A87A0EAB5D}"
EndProject
Project("{2150E333-8FDC-42A3-9474-1A3956D46DE8}") = "4 - Infrastructure", "4 - Infrastructure", "{DCE6E6BC-80C2-4CC8-8639-1B38DEAA0B37}"
EndProject
Project("{9A19103F-16F7-4668-BE54-9A1E7A4F7556}") = "QLSL2018.Application", "QLSL2018.Application\QLSL2018.Application.csproj", "{2232BDA5-F86F-473C-AA3B-8BFB890235CB}"
EndProject
Project("{9A19103F-16F7-4668-BE54-9A1E7A4F7556}") = "QLSL2018.Data.FF", "QLSL2018.Data.FF\QLSL2018.Data.FF.csproj", "{1BEB9D98-7D02-4D17-A418-B68EAEAD01FF}"
EndProject
Project("{9A19103F-16F7-4668-BE54-9A1E7A4F7556}") = "QLSL2018.Infrastructure", "QLSL2018.Infrastructure\QLSL2018.Infrastructure.csproj", "{35D787A1-5637-4217-A444-2D0A9204108B}"
EndProject
Project("{9A19103F-16F7-4668-BE54-9A1E7A4F7556}") = "QLSL2018.Utilities", "QLSL2018.Utilities\QLSL2018.Utilities.csproj", "{A09CCF57-49F9-4E21-87F5-694C7B49F34E}"
EndProject
Project("{FAE04EC0-301F-11D3-BF4B-00C04F79EFBC}") = "QLSL2018.Data", "QLSL2018.Data\QLSL2018.Data.csproj", "{76D6405A-F168-4DC1-95AE-E27887604537}"
EndProject
Global
	GlobalSection(SolutionConfigurationPlatforms) = preSolution
		Debug|Any CPU = Debug|Any CPU
		Release|Any CPU = Release|Any CPU
	EndGlobalSection
	GlobalSection(ProjectConfigurationPlatforms) = postSolution
		{8C81CFBC-32FC-4D57-9EF2-7310575508F3}.Debug|Any CPU.ActiveCfg = Debug|Any CPU
		{8C81CFBC-32FC-4D57-9EF2-7310575508F3}.Debug|Any CPU.Build.0 = Debug|Any CPU
		{8C81CFBC-32FC-4D57-9EF2-7310575508F3}.Release|Any CPU.ActiveCfg = Release|Any CPU
		{8C81CFBC-32FC-4D57-9EF2-7310575508F3}.Release|Any CPU.Build.0 = Release|Any CPU
		{2232BDA5-F86F-473C-AA3B-8BFB890235CB}.Debug|Any CPU.ActiveCfg = Debug|Any CPU
		{2232BDA5-F86F-473C-AA3B-8BFB890235CB}.Debug|Any CPU.Build.0 = Debug|Any CPU
		{2232BDA5-F86F-473C-AA3B-8BFB890235CB}.Release|Any CPU.ActiveCfg = Release|Any CPU
		{2232BDA5-F86F-473C-AA3B-8BFB890235CB}.Release|Any CPU.Build.0 = Release|Any CPU
		{1BEB9D98-7D02-4D17-A418-B68EAEAD01FF}.Debug|Any CPU.ActiveCfg = Debug|Any CPU
		{1BEB9D98-7D02-4D17-A418-B68EAEAD01FF}.Debug|Any CPU.Build.0 = Debug|Any CPU
		{1BEB9D98-7D02-4D17-A418-B68EAEAD01FF}.Release|Any CPU.ActiveCfg = Release|Any CPU
		{1BEB9D98-7D02-4D17-A418-B68EAEAD01FF}.Release|Any CPU.Build.0 = Release|Any CPU
		{35D787A1-5637-4217-A444-2D0A9204108B}.Debug|Any CPU.ActiveCfg = Debug|Any CPU
		{35D787A1-5637-4217-A444-2D0A9204108B}.Debug|Any CPU.Build.0 = Debug|Any CPU
		{35D787A1-5637-4217-A444-2D0A9204108B}.Release|Any CPU.ActiveCfg = Release|Any CPU
		{35D787A1-5637-4217-A444-2D0A9204108B}.Release|Any CPU.Build.0 = Release|Any CPU
		{A09CCF57-49F9-4E21-87F5-694C7B49F34E}.Debug|Any CPU.ActiveCfg = Debug|Any CPU
		{A09CCF57-49F9-4E21-87F5-694C7B49F34E}.Debug|Any CPU.Build.0 = Debug|Any CPU
		{A09CCF57-49F9-4E21-87F5-694C7B49F34E}.Release|Any CPU.ActiveCfg = Release|Any CPU
		{A09CCF57-49F9-4E21-87F5-694C7B49F34E}.Release|Any CPU.Build.0 = Release|Any CPU
		{76D6405A-F168-4DC1-95AE-E27887604537}.Debug|Any CPU.ActiveCfg = Debug|Any CPU
		{76D6405A-F168-4DC1-95AE-E27887604537}.Debug|Any CPU.Build.0 = Debug|Any CPU
		{76D6405A-F168-4DC1-95AE-E27887604537}.Release|Any CPU.ActiveCfg = Release|Any CPU
		{76D6405A-F168-4DC1-95AE-E27887604537}.Release|Any CPU.Build.0 = Release|Any CPU
	EndGlobalSection
	GlobalSection(SolutionProperties) = preSolution
		HideSolutionNode = FALSE
	EndGlobalSection
	GlobalSection(NestedProjects) = preSolution
		{8C81CFBC-32FC-4D57-9EF2-7310575508F3} = {185D558B-8B9C-43F0-8956-B37500F45BB8}
		{2232BDA5-F86F-473C-AA3B-8BFB890235CB} = {292362AE-BEE2-4BFE-AB64-CDD624AA7E4A}
		{1BEB9D98-7D02-4D17-A418-B68EAEAD01FF} = {0B0E993A-0E90-45BD-9DD1-89A87A0EAB5D}
		{35D787A1-5637-4217-A444-2D0A9204108B} = {DCE6E6BC-80C2-4CC8-8639-1B38DEAA0B37}
		{A09CCF57-49F9-4E21-87F5-694C7B49F34E} = {DCE6E6BC-80C2-4CC8-8639-1B38DEAA0B37}
		{76D6405A-F168-4DC1-95AE-E27887604537} = {0B0E993A-0E90-45BD-9DD1-89A87A0EAB5D}
	EndGlobalSection
	GlobalSection(ExtensibilityGlobals) = postSolution
		SolutionGuid = {47DE7A5D-1FC9-404F-9A19-CFE8D033D650}
	EndGlobalSection
EndGlobal
