
Microsoft Visual Studio Solution File, Format Version 12.00
# Visual Studio 15
VisualStudioVersion = 15.0.27703.2047
MinimumVisualStudioVersion = 10.0.40219.1
Project("{FAE04EC0-301F-11D3-BF4B-00C04F79EFBC}") = "QLSL2018", "QLSL2018\QLSL2018.csproj", "{CE568C3E-C84A-469E-982F-F1AD7050C915}"
EndProject
Project("{2150E333-8FDC-42A3-9474-1A3956D46DE8}") = "1 - Presentation", "1 - Presentation", "{15611676-E174-4080-8927-2C953736E8F3}"
EndProject
Project("{2150E333-8FDC-42A3-9474-1A3956D46DE8}") = "2 - Application", "2 - Application", "{FD3BAAA5-9887-4B72-BFC9-969866343D94}"
EndProject
Project("{2150E333-8FDC-42A3-9474-1A3956D46DE8}") = "3 - Domain", "3 - Domain", "{65F9F638-DA93-49FC-860E-717E17E8A30F}"
EndProject
Project("{2150E333-8FDC-42A3-9474-1A3956D46DE8}") = "4 - Infrastructure", "4 - Infrastructure", "{A4422DA3-5715-425F-92B8-62D89A6754AF}"
EndProject
Project("{FAE04EC0-301F-11D3-BF4B-00C04F79EFBC}") = "QLSL2018.Application", "QLSL2018.Application\QLSL2018.Application.csproj", "{E5E81B5A-C8AA-4AFB-9D91-F526CA7DD3AE}"
EndProject
Project("{FAE04EC0-301F-11D3-BF4B-00C04F79EFBC}") = "QLSL2018.Data", "QLSL2018.Data\QLSL2018.Data.csproj", "{CE4FFFBE-A51E-47A0-B575-7AB224490E2D}"
EndProject
Project("{FAE04EC0-301F-11D3-BF4B-00C04F79EFBC}") = "QLSL2018.Data.FF", "QLSL2018.Data.FF\QLSL2018.Data.FF.csproj", "{51205A39-7181-4DB9-B871-EEBD1CA85765}"
EndProject
Project("{FAE04EC0-301F-11D3-BF4B-00C04F79EFBC}") = "QLSL2018.Infrastructure", "QLSL2018.Infrastructure\QLSL2018.Infrastructure.csproj", "{31275B15-023D-4997-919C-B4DB99979404}"
EndProject
Project("{FAE04EC0-301F-11D3-BF4B-00C04F79EFBC}") = "QLSL2018.Utilities", "QLSL2018.Utilities\QLSL2018.Utilities.csproj", "{36A7D715-96E2-46EE-8BAC-DCA485307AE8}"
EndProject
Global
	GlobalSection(SolutionConfigurationPlatforms) = preSolution
		Debug|Any CPU = Debug|Any CPU
		Release|Any CPU = Release|Any CPU
	EndGlobalSection
	GlobalSection(ProjectConfigurationPlatforms) = postSolution
		{CE568C3E-C84A-469E-982F-F1AD7050C915}.Debug|Any CPU.ActiveCfg = Debug|Any CPU
		{CE568C3E-C84A-469E-982F-F1AD7050C915}.Debug|Any CPU.Build.0 = Debug|Any CPU
		{CE568C3E-C84A-469E-982F-F1AD7050C915}.Release|Any CPU.ActiveCfg = Release|Any CPU
		{CE568C3E-C84A-469E-982F-F1AD7050C915}.Release|Any CPU.Build.0 = Release|Any CPU
		{E5E81B5A-C8AA-4AFB-9D91-F526CA7DD3AE}.Debug|Any CPU.ActiveCfg = Debug|Any CPU
		{E5E81B5A-C8AA-4AFB-9D91-F526CA7DD3AE}.Debug|Any CPU.Build.0 = Debug|Any CPU
		{E5E81B5A-C8AA-4AFB-9D91-F526CA7DD3AE}.Release|Any CPU.ActiveCfg = Release|Any CPU
		{E5E81B5A-C8AA-4AFB-9D91-F526CA7DD3AE}.Release|Any CPU.Build.0 = Release|Any CPU
		{CE4FFFBE-A51E-47A0-B575-7AB224490E2D}.Debug|Any CPU.ActiveCfg = Debug|Any CPU
		{CE4FFFBE-A51E-47A0-B575-7AB224490E2D}.Debug|Any CPU.Build.0 = Debug|Any CPU
		{CE4FFFBE-A51E-47A0-B575-7AB224490E2D}.Release|Any CPU.ActiveCfg = Release|Any CPU
		{CE4FFFBE-A51E-47A0-B575-7AB224490E2D}.Release|Any CPU.Build.0 = Release|Any CPU
		{51205A39-7181-4DB9-B871-EEBD1CA85765}.Debug|Any CPU.ActiveCfg = Debug|Any CPU
		{51205A39-7181-4DB9-B871-EEBD1CA85765}.Debug|Any CPU.Build.0 = Debug|Any CPU
		{51205A39-7181-4DB9-B871-EEBD1CA85765}.Release|Any CPU.ActiveCfg = Release|Any CPU
		{51205A39-7181-4DB9-B871-EEBD1CA85765}.Release|Any CPU.Build.0 = Release|Any CPU
		{31275B15-023D-4997-919C-B4DB99979404}.Debug|Any CPU.ActiveCfg = Debug|Any CPU
		{31275B15-023D-4997-919C-B4DB99979404}.Debug|Any CPU.Build.0 = Debug|Any CPU
		{31275B15-023D-4997-919C-B4DB99979404}.Release|Any CPU.ActiveCfg = Release|Any CPU
		{31275B15-023D-4997-919C-B4DB99979404}.Release|Any CPU.Build.0 = Release|Any CPU
		{36A7D715-96E2-46EE-8BAC-DCA485307AE8}.Debug|Any CPU.ActiveCfg = Debug|Any CPU
		{36A7D715-96E2-46EE-8BAC-DCA485307AE8}.Debug|Any CPU.Build.0 = Debug|Any CPU
		{36A7D715-96E2-46EE-8BAC-DCA485307AE8}.Release|Any CPU.ActiveCfg = Release|Any CPU
		{36A7D715-96E2-46EE-8BAC-DCA485307AE8}.Release|Any CPU.Build.0 = Release|Any CPU
	EndGlobalSection
	GlobalSection(SolutionProperties) = preSolution
		HideSolutionNode = FALSE
	EndGlobalSection
	GlobalSection(NestedProjects) = preSolution
		{CE568C3E-C84A-469E-982F-F1AD7050C915} = {15611676-E174-4080-8927-2C953736E8F3}
		{E5E81B5A-C8AA-4AFB-9D91-F526CA7DD3AE} = {FD3BAAA5-9887-4B72-BFC9-969866343D94}
		{CE4FFFBE-A51E-47A0-B575-7AB224490E2D} = {65F9F638-DA93-49FC-860E-717E17E8A30F}
		{51205A39-7181-4DB9-B871-EEBD1CA85765} = {65F9F638-DA93-49FC-860E-717E17E8A30F}
		{31275B15-023D-4997-919C-B4DB99979404} = {A4422DA3-5715-425F-92B8-62D89A6754AF}
		{36A7D715-96E2-46EE-8BAC-DCA485307AE8} = {A4422DA3-5715-425F-92B8-62D89A6754AF}
	EndGlobalSection
	GlobalSection(ExtensibilityGlobals) = postSolution
		SolutionGuid = {6AFB9D0B-3F8F-4917-9E06-8F78F77C7F93}
	EndGlobalSection
EndGlobal
